
Microsoft Visual Studio Solution File, Format Version 12.00
# Visual Studio Version 17
VisualStudioVersion = 17.5.33627.172
MinimumVisualStudioVersion = 10.0.40219.1
Project("{FAE04EC0-301F-11D3-BF4B-00C04F79EFBC}") = "Online_Pizza_Ordering_System", "Online_Pizza_Ordering_System\Online_Pizza_Ordering_System.csproj", "{081E51A2-9CB1-42BC-8BE3-C63F17566536}"
EndProject
Global
	GlobalSection(SolutionConfigurationPlatforms) = preSolution
		Debug|Any CPU = Debug|Any CPU
		Release|Any CPU = Release|Any CPU
	EndGlobalSection
	GlobalSection(ProjectConfigurationPlatforms) = postSolution
		{081E51A2-9CB1-42BC-8BE3-C63F17566536}.Debug|Any CPU.ActiveCfg = Debug|Any CPU
		{081E51A2-9CB1-42BC-8BE3-C63F17566536}.Debug|Any CPU.Build.0 = Debug|Any CPU
		{081E51A2-9CB1-42BC-8BE3-C63F17566536}.Release|Any CPU.ActiveCfg = Release|Any CPU
		{081E51A2-9CB1-42BC-8BE3-C63F17566536}.Release|Any CPU.Build.0 = Release|Any CPU
	EndGlobalSection
	GlobalSection(SolutionProperties) = preSolution
		HideSolutionNode = FALSE
	EndGlobalSection
	GlobalSection(ExtensibilityGlobals) = postSolution
		SolutionGuid = {F5C7EEE5-34CC-4D0B-AFDE-D1F316254E56}
	EndGlobalSection
EndGlobal
